
Microsoft Visual Studio Solution File, Format Version 12.00
# Visual Studio Version 17
VisualStudioVersion = 17.2.32526.322
MinimumVisualStudioVersion = 10.0.40219.1
Project("{FAE04EC0-301F-11D3-BF4B-00C04F79EFBC}") = "XEventGenerator", "XEventGenerator\XEventGenerator.csproj", "{46612AEB-83AF-495B-85D9-D5BBE103A369}"
EndProject
Project("{FAE04EC0-301F-11D3-BF4B-00C04F79EFBC}") = "XEvents", "XEvents\XEvents.csproj", "{6C98B835-EA14-4940-9708-3F0431243568}"
EndProject
Project("{FAE04EC0-301F-11D3-BF4B-00C04F79EFBC}") = "TypeOccurenceStatistics", "TypeOccurenceStatistics\TypeOccurenceStatistics.csproj", "{5B50016D-782C-4358-B95A-5970BF1750AE}"
EndProject
Project("{9A19103F-16F7-4668-BE54-9A1E7A4F7556}") = "Tx.Core", "..\..\Source\Tx.Core\Tx.Core.csproj", "{C5CC33B0-1684-4DD4-83A5-5DA4A9A25A7F}"
EndProject
Project("{9A19103F-16F7-4668-BE54-9A1E7A4F7556}") = "Tx.Windows", "..\..\Source\Tx.Windows\Tx.Windows.csproj", "{C4043ABB-EC40-4194-B15B-C0D13C2CF5C8}"
EndProject
Project("{9A19103F-16F7-4668-BE54-9A1E7A4F7556}") = "Tx.SqlServer", "..\..\Source\Tx.SqlServer\Tx.SqlServer.csproj", "{8892848F-45A1-46AC-A686-6A25EEC1475B}"
EndProject
Project("{2150E333-8FDC-42A3-9474-1A3956D46DE8}") = "Tx", "Tx", "{A7752FEA-02EC-4437-984A-B2033EB4EE03}"
EndProject
Project("{FAE04EC0-301F-11D3-BF4B-00C04F79EFBC}") = "Tcp", "Tcp\Tcp.csproj", "{79051F21-0939-4437-9DEA-F1CA12498D3A}"
EndProject
Project("{9A19103F-16F7-4668-BE54-9A1E7A4F7556}") = "Tx.Windows.Logs", "..\..\Source\Tx.Windows.Logs\Tx.Windows.Logs.csproj", "{486DB5A9-41FA-465F-8AEE-E7000970EBB2}"
EndProject
Project("{9A19103F-16F7-4668-BE54-9A1E7A4F7556}") = "Tx.Windows.TypeGeneration", "..\..\Source\Tx.Windows.TypeGeneration\Tx.Windows.TypeGeneration.csproj", "{2C377E41-F0A7-4D63-A1F5-94044A4FCA94}"
EndProject
Global
	GlobalSection(SolutionConfigurationPlatforms) = preSolution
		Debug|Any CPU = Debug|Any CPU
		Debug|Mixed Platforms = Debug|Mixed Platforms
		Debug|x64 = Debug|x64
		Debug|x86 = Debug|x86
		Debug461|Any CPU = Debug461|Any CPU
		Debug461|Mixed Platforms = Debug461|Mixed Platforms
		Debug461|x64 = Debug461|x64
		Debug461|x86 = Debug461|x86
		Debug48|Any CPU = Debug48|Any CPU
		Debug48|Mixed Platforms = Debug48|Mixed Platforms
		Debug48|x64 = Debug48|x64
		Debug48|x86 = Debug48|x86
		Release|Any CPU = Release|Any CPU
		Release|Mixed Platforms = Release|Mixed Platforms
		Release|x64 = Release|x64
		Release|x86 = Release|x86
		Release461|Any CPU = Release461|Any CPU
		Release461|Mixed Platforms = Release461|Mixed Platforms
		Release461|x64 = Release461|x64
		Release461|x86 = Release461|x86
		Release48|Any CPU = Release48|Any CPU
		Release48|Mixed Platforms = Release48|Mixed Platforms
		Release48|x64 = Release48|x64
		Release48|x86 = Release48|x86
	EndGlobalSection
	GlobalSection(ProjectConfigurationPlatforms) = postSolution
		{46612AEB-83AF-495B-85D9-D5BBE103A369}.Debug|Any CPU.ActiveCfg = Debug40|Any CPU
		{46612AEB-83AF-495B-85D9-D5BBE103A369}.Debug|Any CPU.Build.0 = Debug40|Any CPU
		{46612AEB-83AF-495B-85D9-D5BBE103A369}.Debug|Mixed Platforms.ActiveCfg = Debug40|Any CPU
		{46612AEB-83AF-495B-85D9-D5BBE103A369}.Debug|Mixed Platforms.Build.0 = Debug40|Any CPU
		{46612AEB-83AF-495B-85D9-D5BBE103A369}.Debug|x64.ActiveCfg = Debug40|Any CPU
		{46612AEB-83AF-495B-85D9-D5BBE103A369}.Debug|x64.Build.0 = Debug40|Any CPU
		{46612AEB-83AF-495B-85D9-D5BBE103A369}.Debug|x86.ActiveCfg = Debug40|Any CPU
		{46612AEB-83AF-495B-85D9-D5BBE103A369}.Debug|x86.Build.0 = Debug40|Any CPU
		{46612AEB-83AF-495B-85D9-D5BBE103A369}.Debug461|Any CPU.ActiveCfg = Debug461|Any CPU
		{46612AEB-83AF-495B-85D9-D5BBE103A369}.Debug461|Any CPU.Build.0 = Debug461|Any CPU
		{46612AEB-83AF-495B-85D9-D5BBE103A369}.Debug461|Mixed Platforms.ActiveCfg = Debug461|Any CPU
		{46612AEB-83AF-495B-85D9-D5BBE103A369}.Debug461|Mixed Platforms.Build.0 = Debug461|Any CPU
		{46612AEB-83AF-495B-85D9-D5BBE103A369}.Debug461|x64.ActiveCfg = Debug461|Any CPU
		{46612AEB-83AF-495B-85D9-D5BBE103A369}.Debug461|x64.Build.0 = Debug461|Any CPU
		{46612AEB-83AF-495B-85D9-D5BBE103A369}.Debug461|x86.ActiveCfg = Debug461|Any CPU
		{46612AEB-83AF-495B-85D9-D5BBE103A369}.Debug461|x86.Build.0 = Debug461|Any CPU
		{46612AEB-83AF-495B-85D9-D5BBE103A369}.Debug48|Any CPU.ActiveCfg = Debug48|Any CPU
		{46612AEB-83AF-495B-85D9-D5BBE103A369}.Debug48|Any CPU.Build.0 = Debug48|Any CPU
		{46612AEB-83AF-495B-85D9-D5BBE103A369}.Debug48|Mixed Platforms.ActiveCfg = Debug40|Any CPU
		{46612AEB-83AF-495B-85D9-D5BBE103A369}.Debug48|Mixed Platforms.Build.0 = Debug40|Any CPU
		{46612AEB-83AF-495B-85D9-D5BBE103A369}.Debug48|x64.ActiveCfg = Debug48|Any CPU
		{46612AEB-83AF-495B-85D9-D5BBE103A369}.Debug48|x64.Build.0 = Debug48|Any CPU
		{46612AEB-83AF-495B-85D9-D5BBE103A369}.Debug48|x86.ActiveCfg = Debug48|Any CPU
		{46612AEB-83AF-495B-85D9-D5BBE103A369}.Debug48|x86.Build.0 = Debug48|Any CPU
		{46612AEB-83AF-495B-85D9-D5BBE103A369}.Release|Any CPU.ActiveCfg = Release40|Any CPU
		{46612AEB-83AF-495B-85D9-D5BBE103A369}.Release|Any CPU.Build.0 = Release40|Any CPU
		{46612AEB-83AF-495B-85D9-D5BBE103A369}.Release|Mixed Platforms.ActiveCfg = Release40|Any CPU
		{46612AEB-83AF-495B-85D9-D5BBE103A369}.Release|Mixed Platforms.Build.0 = Release40|Any CPU
		{46612AEB-83AF-495B-85D9-D5BBE103A369}.Release|x64.ActiveCfg = Release40|Any CPU
		{46612AEB-83AF-495B-85D9-D5BBE103A369}.Release|x64.Build.0 = Release40|Any CPU
		{46612AEB-83AF-495B-85D9-D5BBE103A369}.Release|x86.ActiveCfg = Release40|Any CPU
		{46612AEB-83AF-495B-85D9-D5BBE103A369}.Release|x86.Build.0 = Release40|Any CPU
		{46612AEB-83AF-495B-85D9-D5BBE103A369}.Release461|Any CPU.ActiveCfg = Release461|Any CPU
		{46612AEB-83AF-495B-85D9-D5BBE103A369}.Release461|Any CPU.Build.0 = Release461|Any CPU
		{46612AEB-83AF-495B-85D9-D5BBE103A369}.Release461|Mixed Platforms.ActiveCfg = Release45|Any CPU
		{46612AEB-83AF-495B-85D9-D5BBE103A369}.Release461|Mixed Platforms.Build.0 = Release45|Any CPU
		{46612AEB-83AF-495B-85D9-D5BBE103A369}.Release461|x64.ActiveCfg = Release461|Any CPU
		{46612AEB-83AF-495B-85D9-D5BBE103A369}.Release461|x64.Build.0 = Release461|Any CPU
		{46612AEB-83AF-495B-85D9-D5BBE103A369}.Release461|x86.ActiveCfg = Release461|Any CPU
		{46612AEB-83AF-495B-85D9-D5BBE103A369}.Release461|x86.Build.0 = Release461|Any CPU
		{46612AEB-83AF-495B-85D9-D5BBE103A369}.Release48|Any CPU.ActiveCfg = Release48|Any CPU
		{46612AEB-83AF-495B-85D9-D5BBE103A369}.Release48|Any CPU.Build.0 = Release48|Any CPU
		{46612AEB-83AF-495B-85D9-D5BBE103A369}.Release48|Mixed Platforms.ActiveCfg = Release40|Any CPU
		{46612AEB-83AF-495B-85D9-D5BBE103A369}.Release48|Mixed Platforms.Build.0 = Release40|Any CPU
		{46612AEB-83AF-495B-85D9-D5BBE103A369}.Release48|x64.ActiveCfg = Release48|Any CPU
		{46612AEB-83AF-495B-85D9-D5BBE103A369}.Release48|x64.Build.0 = Release48|Any CPU
		{46612AEB-83AF-495B-85D9-D5BBE103A369}.Release48|x86.ActiveCfg = Release48|Any CPU
		{46612AEB-83AF-495B-85D9-D5BBE103A369}.Release48|x86.Build.0 = Release48|Any CPU
		{6C98B835-EA14-4940-9708-3F0431243568}.Debug|Any CPU.ActiveCfg = Debug40|Any CPU
		{6C98B835-EA14-4940-9708-3F0431243568}.Debug|Any CPU.Build.0 = Debug40|Any CPU
		{6C98B835-EA14-4940-9708-3F0431243568}.Debug|Mixed Platforms.ActiveCfg = Debug40|Any CPU
		{6C98B835-EA14-4940-9708-3F0431243568}.Debug|Mixed Platforms.Build.0 = Debug40|Any CPU
		{6C98B835-EA14-4940-9708-3F0431243568}.Debug|x64.ActiveCfg = Debug40|Any CPU
		{6C98B835-EA14-4940-9708-3F0431243568}.Debug|x64.Build.0 = Debug40|Any CPU
		{6C98B835-EA14-4940-9708-3F0431243568}.Debug|x86.ActiveCfg = Debug40|Any CPU
		{6C98B835-EA14-4940-9708-3F0431243568}.Debug|x86.Build.0 = Debug40|Any CPU
		{6C98B835-EA14-4940-9708-3F0431243568}.Debug461|Any CPU.ActiveCfg = Debug461|Any CPU
		{6C98B835-EA14-4940-9708-3F0431243568}.Debug461|Any CPU.Build.0 = Debug461|Any CPU
		{6C98B835-EA14-4940-9708-3F0431243568}.Debug461|Mixed Platforms.ActiveCfg = Debug461|Any CPU
		{6C98B835-EA14-4940-9708-3F0431243568}.Debug461|Mixed Platforms.Build.0 = Debug461|Any CPU
		{6C98B835-EA14-4940-9708-3F0431243568}.Debug461|x64.ActiveCfg = Debug461|Any CPU
		{6C98B835-EA14-4940-9708-3F0431243568}.Debug461|x64.Build.0 = Debug461|Any CPU
		{6C98B835-EA14-4940-9708-3F0431243568}.Debug461|x86.ActiveCfg = Debug461|Any CPU
		{6C98B835-EA14-4940-9708-3F0431243568}.Debug461|x86.Build.0 = Debug461|Any CPU
		{6C98B835-EA14-4940-9708-3F0431243568}.Debug48|Any CPU.ActiveCfg = Debug48|Any CPU
		{6C98B835-EA14-4940-9708-3F0431243568}.Debug48|Any CPU.Build.0 = Debug48|Any CPU
		{6C98B835-EA14-4940-9708-3F0431243568}.Debug48|Mixed Platforms.ActiveCfg = Debug40|Any CPU
		{6C98B835-EA14-4940-9708-3F0431243568}.Debug48|Mixed Platforms.Build.0 = Debug40|Any CPU
		{6C98B835-EA14-4940-9708-3F0431243568}.Debug48|x64.ActiveCfg = Debug48|Any CPU
		{6C98B835-EA14-4940-9708-3F0431243568}.Debug48|x64.Build.0 = Debug48|Any CPU
		{6C98B835-EA14-4940-9708-3F0431243568}.Debug48|x86.ActiveCfg = Debug48|Any CPU
		{6C98B835-EA14-4940-9708-3F0431243568}.Debug48|x86.Build.0 = Debug48|Any CPU
		{6C98B835-EA14-4940-9708-3F0431243568}.Release|Any CPU.ActiveCfg = Release40|Any CPU
		{6C98B835-EA14-4940-9708-3F0431243568}.Release|Any CPU.Build.0 = Release40|Any CPU
		{6C98B835-EA14-4940-9708-3F0431243568}.Release|Mixed Platforms.ActiveCfg = Release40|Any CPU
		{6C98B835-EA14-4940-9708-3F0431243568}.Release|Mixed Platforms.Build.0 = Release40|Any CPU
		{6C98B835-EA14-4940-9708-3F0431243568}.Release|x64.ActiveCfg = Release40|Any CPU
		{6C98B835-EA14-4940-9708-3F0431243568}.Release|x64.Build.0 = Release40|Any CPU
		{6C98B835-EA14-4940-9708-3F0431243568}.Release|x86.ActiveCfg = Release40|Any CPU
		{6C98B835-EA14-4940-9708-3F0431243568}.Release|x86.Build.0 = Release40|Any CPU
		{6C98B835-EA14-4940-9708-3F0431243568}.Release461|Any CPU.ActiveCfg = Release461|Any CPU
		{6C98B835-EA14-4940-9708-3F0431243568}.Release461|Any CPU.Build.0 = Release461|Any CPU
		{6C98B835-EA14-4940-9708-3F0431243568}.Release461|Mixed Platforms.ActiveCfg = Release45|Any CPU
		{6C98B835-EA14-4940-9708-3F0431243568}.Release461|Mixed Platforms.Build.0 = Release45|Any CPU
		{6C98B835-EA14-4940-9708-3F0431243568}.Release461|x64.ActiveCfg = Release461|Any CPU
		{6C98B835-EA14-4940-9708-3F0431243568}.Release461|x64.Build.0 = Release461|Any CPU
		{6C98B835-EA14-4940-9708-3F0431243568}.Release461|x86.ActiveCfg = Release461|Any CPU
		{6C98B835-EA14-4940-9708-3F0431243568}.Release461|x86.Build.0 = Release461|Any CPU
		{6C98B835-EA14-4940-9708-3F0431243568}.Release48|Any CPU.ActiveCfg = Release48|Any CPU
		{6C98B835-EA14-4940-9708-3F0431243568}.Release48|Any CPU.Build.0 = Release48|Any CPU
		{6C98B835-EA14-4940-9708-3F0431243568}.Release48|Mixed Platforms.ActiveCfg = Release40|Any CPU
		{6C98B835-EA14-4940-9708-3F0431243568}.Release48|Mixed Platforms.Build.0 = Release40|Any CPU
		{6C98B835-EA14-4940-9708-3F0431243568}.Release48|x64.ActiveCfg = Release48|Any CPU
		{6C98B835-EA14-4940-9708-3F0431243568}.Release48|x64.Build.0 = Release48|Any CPU
		{6C98B835-EA14-4940-9708-3F0431243568}.Release48|x86.ActiveCfg = Release48|Any CPU
		{6C98B835-EA14-4940-9708-3F0431243568}.Release48|x86.Build.0 = Release48|Any CPU
		{5B50016D-782C-4358-B95A-5970BF1750AE}.Debug|Any CPU.ActiveCfg = Debug40|Any CPU
		{5B50016D-782C-4358-B95A-5970BF1750AE}.Debug|Any CPU.Build.0 = Debug40|Any CPU
		{5B50016D-782C-4358-B95A-5970BF1750AE}.Debug|Mixed Platforms.ActiveCfg = Debug40|Any CPU
		{5B50016D-782C-4358-B95A-5970BF1750AE}.Debug|Mixed Platforms.Build.0 = Debug40|Any CPU
		{5B50016D-782C-4358-B95A-5970BF1750AE}.Debug|x64.ActiveCfg = Debug40|Any CPU
		{5B50016D-782C-4358-B95A-5970BF1750AE}.Debug|x64.Build.0 = Debug40|Any CPU
		{5B50016D-782C-4358-B95A-5970BF1750AE}.Debug|x86.ActiveCfg = Debug40|Any CPU
		{5B50016D-782C-4358-B95A-5970BF1750AE}.Debug|x86.Build.0 = Debug40|Any CPU
		{5B50016D-782C-4358-B95A-5970BF1750AE}.Debug461|Any CPU.ActiveCfg = Debug461|Any CPU
		{5B50016D-782C-4358-B95A-5970BF1750AE}.Debug461|Any CPU.Build.0 = Debug461|Any CPU
		{5B50016D-782C-4358-B95A-5970BF1750AE}.Debug461|Mixed Platforms.ActiveCfg = Debug48|Any CPU
		{5B50016D-782C-4358-B95A-5970BF1750AE}.Debug461|Mixed Platforms.Build.0 = Debug48|Any CPU
		{5B50016D-782C-4358-B95A-5970BF1750AE}.Debug461|x64.ActiveCfg = Debug461|Any CPU
		{5B50016D-782C-4358-B95A-5970BF1750AE}.Debug461|x64.Build.0 = Debug461|Any CPU
		{5B50016D-782C-4358-B95A-5970BF1750AE}.Debug461|x86.ActiveCfg = Debug461|Any CPU
		{5B50016D-782C-4358-B95A-5970BF1750AE}.Debug461|x86.Build.0 = Debug461|Any CPU
		{5B50016D-782C-4358-B95A-5970BF1750AE}.Debug48|Any CPU.ActiveCfg = Debug48|Any CPU
		{5B50016D-782C-4358-B95A-5970BF1750AE}.Debug48|Any CPU.Build.0 = Debug48|Any CPU
		{5B50016D-782C-4358-B95A-5970BF1750AE}.Debug48|Mixed Platforms.ActiveCfg = Debug40|Any CPU
		{5B50016D-782C-4358-B95A-5970BF1750AE}.Debug48|Mixed Platforms.Build.0 = Debug40|Any CPU
		{5B50016D-782C-4358-B95A-5970BF1750AE}.Debug48|x64.ActiveCfg = Debug48|Any CPU
		{5B50016D-782C-4358-B95A-5970BF1750AE}.Debug48|x64.Build.0 = Debug48|Any CPU
		{5B50016D-782C-4358-B95A-5970BF1750AE}.Debug48|x86.ActiveCfg = Debug48|Any CPU
		{5B50016D-782C-4358-B95A-5970BF1750AE}.Debug48|x86.Build.0 = Debug48|Any CPU
		{5B50016D-782C-4358-B95A-5970BF1750AE}.Release|Any CPU.ActiveCfg = Release40|Any CPU
		{5B50016D-782C-4358-B95A-5970BF1750AE}.Release|Any CPU.Build.0 = Release40|Any CPU
		{5B50016D-782C-4358-B95A-5970BF1750AE}.Release|Mixed Platforms.ActiveCfg = Release40|Any CPU
		{5B50016D-782C-4358-B95A-5970BF1750AE}.Release|Mixed Platforms.Build.0 = Release40|Any CPU
		{5B50016D-782C-4358-B95A-5970BF1750AE}.Release|x64.ActiveCfg = Release40|Any CPU
		{5B50016D-782C-4358-B95A-5970BF1750AE}.Release|x64.Build.0 = Release40|Any CPU
		{5B50016D-782C-4358-B95A-5970BF1750AE}.Release|x86.ActiveCfg = Release40|Any CPU
		{5B50016D-782C-4358-B95A-5970BF1750AE}.Release|x86.Build.0 = Release40|Any CPU
		{5B50016D-782C-4358-B95A-5970BF1750AE}.Release461|Any CPU.ActiveCfg = Release461|Any CPU
		{5B50016D-782C-4358-B95A-5970BF1750AE}.Release461|Any CPU.Build.0 = Release461|Any CPU
		{5B50016D-782C-4358-B95A-5970BF1750AE}.Release461|Mixed Platforms.ActiveCfg = Release45|Any CPU
		{5B50016D-782C-4358-B95A-5970BF1750AE}.Release461|Mixed Platforms.Build.0 = Release45|Any CPU
		{5B50016D-782C-4358-B95A-5970BF1750AE}.Release461|x64.ActiveCfg = Release461|Any CPU
		{5B50016D-782C-4358-B95A-5970BF1750AE}.Release461|x64.Build.0 = Release461|Any CPU
		{5B50016D-782C-4358-B95A-5970BF1750AE}.Release461|x86.ActiveCfg = Release461|Any CPU
		{5B50016D-782C-4358-B95A-5970BF1750AE}.Release461|x86.Build.0 = Release461|Any CPU
		{5B50016D-782C-4358-B95A-5970BF1750AE}.Release48|Any CPU.ActiveCfg = Release48|Any CPU
		{5B50016D-782C-4358-B95A-5970BF1750AE}.Release48|Any CPU.Build.0 = Release48|Any CPU
		{5B50016D-782C-4358-B95A-5970BF1750AE}.Release48|Mixed Platforms.ActiveCfg = Release40|Any CPU
		{5B50016D-782C-4358-B95A-5970BF1750AE}.Release48|Mixed Platforms.Build.0 = Release40|Any CPU
		{5B50016D-782C-4358-B95A-5970BF1750AE}.Release48|x64.ActiveCfg = Release48|Any CPU
		{5B50016D-782C-4358-B95A-5970BF1750AE}.Release48|x64.Build.0 = Release48|Any CPU
		{5B50016D-782C-4358-B95A-5970BF1750AE}.Release48|x86.ActiveCfg = Release48|Any CPU
		{5B50016D-782C-4358-B95A-5970BF1750AE}.Release48|x86.Build.0 = Release48|Any CPU
		{C5CC33B0-1684-4DD4-83A5-5DA4A9A25A7F}.Debug|Any CPU.ActiveCfg = Debug40|Any CPU
		{C5CC33B0-1684-4DD4-83A5-5DA4A9A25A7F}.Debug|Any CPU.Build.0 = Debug40|Any CPU
		{C5CC33B0-1684-4DD4-83A5-5DA4A9A25A7F}.Debug|Mixed Platforms.ActiveCfg = Debug48|x64
		{C5CC33B0-1684-4DD4-83A5-5DA4A9A25A7F}.Debug|Mixed Platforms.Build.0 = Debug48|x64
		{C5CC33B0-1684-4DD4-83A5-5DA4A9A25A7F}.Debug|x64.ActiveCfg = Debug48|x64
		{C5CC33B0-1684-4DD4-83A5-5DA4A9A25A7F}.Debug|x64.Build.0 = Debug48|x64
		{C5CC33B0-1684-4DD4-83A5-5DA4A9A25A7F}.Debug|x86.ActiveCfg = Debug48|x86
		{C5CC33B0-1684-4DD4-83A5-5DA4A9A25A7F}.Debug|x86.Build.0 = Debug48|x86
		{C5CC33B0-1684-4DD4-83A5-5DA4A9A25A7F}.Debug461|Any CPU.ActiveCfg = Debug461|Any CPU
		{C5CC33B0-1684-4DD4-83A5-5DA4A9A25A7F}.Debug461|Any CPU.Build.0 = Debug461|Any CPU
		{C5CC33B0-1684-4DD4-83A5-5DA4A9A25A7F}.Debug461|Mixed Platforms.ActiveCfg = Debug48|Any CPU
		{C5CC33B0-1684-4DD4-83A5-5DA4A9A25A7F}.Debug461|Mixed Platforms.Build.0 = Debug48|Any CPU
		{C5CC33B0-1684-4DD4-83A5-5DA4A9A25A7F}.Debug461|x64.ActiveCfg = Debug461|x64
		{C5CC33B0-1684-4DD4-83A5-5DA4A9A25A7F}.Debug461|x64.Build.0 = Debug461|x64
		{C5CC33B0-1684-4DD4-83A5-5DA4A9A25A7F}.Debug461|x86.ActiveCfg = Debug461|x86
		{C5CC33B0-1684-4DD4-83A5-5DA4A9A25A7F}.Debug461|x86.Build.0 = Debug461|x86
		{C5CC33B0-1684-4DD4-83A5-5DA4A9A25A7F}.Debug48|Any CPU.ActiveCfg = Debug48|Any CPU
		{C5CC33B0-1684-4DD4-83A5-5DA4A9A25A7F}.Debug48|Any CPU.Build.0 = Debug48|Any CPU
		{C5CC33B0-1684-4DD4-83A5-5DA4A9A25A7F}.Debug48|Mixed Platforms.ActiveCfg = Debug40|Any CPU
		{C5CC33B0-1684-4DD4-83A5-5DA4A9A25A7F}.Debug48|Mixed Platforms.Build.0 = Debug40|Any CPU
		{C5CC33B0-1684-4DD4-83A5-5DA4A9A25A7F}.Debug48|x64.ActiveCfg = Debug48|x64
		{C5CC33B0-1684-4DD4-83A5-5DA4A9A25A7F}.Debug48|x64.Build.0 = Debug48|x64
		{C5CC33B0-1684-4DD4-83A5-5DA4A9A25A7F}.Debug48|x86.ActiveCfg = Debug48|x86
		{C5CC33B0-1684-4DD4-83A5-5DA4A9A25A7F}.Debug48|x86.Build.0 = Debug48|x86
		{C5CC33B0-1684-4DD4-83A5-5DA4A9A25A7F}.Release|Any CPU.ActiveCfg = Release40|Any CPU
		{C5CC33B0-1684-4DD4-83A5-5DA4A9A25A7F}.Release|Any CPU.Build.0 = Release40|Any CPU
		{C5CC33B0-1684-4DD4-83A5-5DA4A9A25A7F}.Release|Mixed Platforms.ActiveCfg = Release48|x64
		{C5CC33B0-1684-4DD4-83A5-5DA4A9A25A7F}.Release|Mixed Platforms.Build.0 = Release48|x64
		{C5CC33B0-1684-4DD4-83A5-5DA4A9A25A7F}.Release|x64.ActiveCfg = Release48|x64
		{C5CC33B0-1684-4DD4-83A5-5DA4A9A25A7F}.Release|x64.Build.0 = Release48|x64
		{C5CC33B0-1684-4DD4-83A5-5DA4A9A25A7F}.Release|x86.ActiveCfg = Release48|x86
		{C5CC33B0-1684-4DD4-83A5-5DA4A9A25A7F}.Release|x86.Build.0 = Release48|x86
		{C5CC33B0-1684-4DD4-83A5-5DA4A9A25A7F}.Release461|Any CPU.ActiveCfg = Release461|Any CPU
		{C5CC33B0-1684-4DD4-83A5-5DA4A9A25A7F}.Release461|Any CPU.Build.0 = Release461|Any CPU
		{C5CC33B0-1684-4DD4-83A5-5DA4A9A25A7F}.Release461|Mixed Platforms.ActiveCfg = Release45|Any CPU
		{C5CC33B0-1684-4DD4-83A5-5DA4A9A25A7F}.Release461|Mixed Platforms.Build.0 = Release45|Any CPU
		{C5CC33B0-1684-4DD4-83A5-5DA4A9A25A7F}.Release461|x64.ActiveCfg = Release461|x64
		{C5CC33B0-1684-4DD4-83A5-5DA4A9A25A7F}.Release461|x64.Build.0 = Release461|x64
		{C5CC33B0-1684-4DD4-83A5-5DA4A9A25A7F}.Release461|x86.ActiveCfg = Release461|x86
		{C5CC33B0-1684-4DD4-83A5-5DA4A9A25A7F}.Release461|x86.Build.0 = Release461|x86
		{C5CC33B0-1684-4DD4-83A5-5DA4A9A25A7F}.Release48|Any CPU.ActiveCfg = Release48|Any CPU
		{C5CC33B0-1684-4DD4-83A5-5DA4A9A25A7F}.Release48|Any CPU.Build.0 = Release48|Any CPU
		{C5CC33B0-1684-4DD4-83A5-5DA4A9A25A7F}.Release48|Mixed Platforms.ActiveCfg = Release40|Any CPU
		{C5CC33B0-1684-4DD4-83A5-5DA4A9A25A7F}.Release48|Mixed Platforms.Build.0 = Release40|Any CPU
		{C5CC33B0-1684-4DD4-83A5-5DA4A9A25A7F}.Release48|x64.ActiveCfg = Release48|x64
		{C5CC33B0-1684-4DD4-83A5-5DA4A9A25A7F}.Release48|x64.Build.0 = Release48|x64
		{C5CC33B0-1684-4DD4-83A5-5DA4A9A25A7F}.Release48|x86.ActiveCfg = Release48|x86
		{C5CC33B0-1684-4DD4-83A5-5DA4A9A25A7F}.Release48|x86.Build.0 = Release48|x86
		{C4043ABB-EC40-4194-B15B-C0D13C2CF5C8}.Debug|Any CPU.ActiveCfg = Debug40|Any CPU
		{C4043ABB-EC40-4194-B15B-C0D13C2CF5C8}.Debug|Any CPU.Build.0 = Debug40|Any CPU
		{C4043ABB-EC40-4194-B15B-C0D13C2CF5C8}.Debug|Mixed Platforms.ActiveCfg = Debug48|x64
		{C4043ABB-EC40-4194-B15B-C0D13C2CF5C8}.Debug|Mixed Platforms.Build.0 = Debug48|x64
		{C4043ABB-EC40-4194-B15B-C0D13C2CF5C8}.Debug|x64.ActiveCfg = Debug48|x64
		{C4043ABB-EC40-4194-B15B-C0D13C2CF5C8}.Debug|x64.Build.0 = Debug48|x64
		{C4043ABB-EC40-4194-B15B-C0D13C2CF5C8}.Debug|x86.ActiveCfg = Debug48|x86
		{C4043ABB-EC40-4194-B15B-C0D13C2CF5C8}.Debug|x86.Build.0 = Debug48|x86
		{C4043ABB-EC40-4194-B15B-C0D13C2CF5C8}.Debug461|Any CPU.ActiveCfg = Debug461|Any CPU
		{C4043ABB-EC40-4194-B15B-C0D13C2CF5C8}.Debug461|Any CPU.Build.0 = Debug461|Any CPU
		{C4043ABB-EC40-4194-B15B-C0D13C2CF5C8}.Debug461|Mixed Platforms.ActiveCfg = Debug48|Any CPU
		{C4043ABB-EC40-4194-B15B-C0D13C2CF5C8}.Debug461|Mixed Platforms.Build.0 = Debug48|Any CPU
		{C4043ABB-EC40-4194-B15B-C0D13C2CF5C8}.Debug461|x64.ActiveCfg = Debug461|x64
		{C4043ABB-EC40-4194-B15B-C0D13C2CF5C8}.Debug461|x64.Build.0 = Debug461|x64
		{C4043ABB-EC40-4194-B15B-C0D13C2CF5C8}.Debug461|x86.ActiveCfg = Debug461|x86
		{C4043ABB-EC40-4194-B15B-C0D13C2CF5C8}.Debug461|x86.Build.0 = Debug461|x86
		{C4043ABB-EC40-4194-B15B-C0D13C2CF5C8}.Debug48|Any CPU.ActiveCfg = Debug48|Any CPU
		{C4043ABB-EC40-4194-B15B-C0D13C2CF5C8}.Debug48|Any CPU.Build.0 = Debug48|Any CPU
		{C4043ABB-EC40-4194-B15B-C0D13C2CF5C8}.Debug48|Mixed Platforms.ActiveCfg = Debug40|Any CPU
		{C4043ABB-EC40-4194-B15B-C0D13C2CF5C8}.Debug48|Mixed Platforms.Build.0 = Debug40|Any CPU
		{C4043ABB-EC40-4194-B15B-C0D13C2CF5C8}.Debug48|x64.ActiveCfg = Debug48|x64
		{C4043ABB-EC40-4194-B15B-C0D13C2CF5C8}.Debug48|x64.Build.0 = Debug48|x64
		{C4043ABB-EC40-4194-B15B-C0D13C2CF5C8}.Debug48|x86.ActiveCfg = Debug48|x86
		{C4043ABB-EC40-4194-B15B-C0D13C2CF5C8}.Debug48|x86.Build.0 = Debug48|x86
		{C4043ABB-EC40-4194-B15B-C0D13C2CF5C8}.Release|Any CPU.ActiveCfg = Release40|Any CPU
		{C4043ABB-EC40-4194-B15B-C0D13C2CF5C8}.Release|Any CPU.Build.0 = Release40|Any CPU
		{C4043ABB-EC40-4194-B15B-C0D13C2CF5C8}.Release|Mixed Platforms.ActiveCfg = Release48|x64
		{C4043ABB-EC40-4194-B15B-C0D13C2CF5C8}.Release|Mixed Platforms.Build.0 = Release48|x64
		{C4043ABB-EC40-4194-B15B-C0D13C2CF5C8}.Release|x64.ActiveCfg = Release48|x64
		{C4043ABB-EC40-4194-B15B-C0D13C2CF5C8}.Release|x64.Build.0 = Release48|x64
		{C4043ABB-EC40-4194-B15B-C0D13C2CF5C8}.Release|x86.ActiveCfg = Release48|x86
		{C4043ABB-EC40-4194-B15B-C0D13C2CF5C8}.Release|x86.Build.0 = Release48|x86
		{C4043ABB-EC40-4194-B15B-C0D13C2CF5C8}.Release461|Any CPU.ActiveCfg = Release461|Any CPU
		{C4043ABB-EC40-4194-B15B-C0D13C2CF5C8}.Release461|Any CPU.Build.0 = Release461|Any CPU
		{C4043ABB-EC40-4194-B15B-C0D13C2CF5C8}.Release461|Mixed Platforms.ActiveCfg = Release45|Any CPU
		{C4043ABB-EC40-4194-B15B-C0D13C2CF5C8}.Release461|Mixed Platforms.Build.0 = Release45|Any CPU
		{C4043ABB-EC40-4194-B15B-C0D13C2CF5C8}.Release461|x64.ActiveCfg = Release461|x64
		{C4043ABB-EC40-4194-B15B-C0D13C2CF5C8}.Release461|x64.Build.0 = Release461|x64
		{C4043ABB-EC40-4194-B15B-C0D13C2CF5C8}.Release461|x86.ActiveCfg = Release461|x86
		{C4043ABB-EC40-4194-B15B-C0D13C2CF5C8}.Release461|x86.Build.0 = Release461|x86
		{C4043ABB-EC40-4194-B15B-C0D13C2CF5C8}.Release48|Any CPU.ActiveCfg = Release48|Any CPU
		{C4043ABB-EC40-4194-B15B-C0D13C2CF5C8}.Release48|Any CPU.Build.0 = Release48|Any CPU
		{C4043ABB-EC40-4194-B15B-C0D13C2CF5C8}.Release48|Mixed Platforms.ActiveCfg = Release40|Any CPU
		{C4043ABB-EC40-4194-B15B-C0D13C2CF5C8}.Release48|Mixed Platforms.Build.0 = Release40|Any CPU
		{C4043ABB-EC40-4194-B15B-C0D13C2CF5C8}.Release48|x64.ActiveCfg = Release48|x64
		{C4043ABB-EC40-4194-B15B-C0D13C2CF5C8}.Release48|x64.Build.0 = Release48|x64
		{C4043ABB-EC40-4194-B15B-C0D13C2CF5C8}.Release48|x86.ActiveCfg = Release48|x86
		{C4043ABB-EC40-4194-B15B-C0D13C2CF5C8}.Release48|x86.Build.0 = Release48|x86
		{8892848F-45A1-46AC-A686-6A25EEC1475B}.Debug|Any CPU.ActiveCfg = Debug40|Any CPU
		{8892848F-45A1-46AC-A686-6A25EEC1475B}.Debug|Any CPU.Build.0 = Debug40|Any CPU
		{8892848F-45A1-46AC-A686-6A25EEC1475B}.Debug|Mixed Platforms.ActiveCfg = Debug48|x64
		{8892848F-45A1-46AC-A686-6A25EEC1475B}.Debug|Mixed Platforms.Build.0 = Debug48|x64
		{8892848F-45A1-46AC-A686-6A25EEC1475B}.Debug|x64.ActiveCfg = Debug48|x64
		{8892848F-45A1-46AC-A686-6A25EEC1475B}.Debug|x64.Build.0 = Debug48|x64
		{8892848F-45A1-46AC-A686-6A25EEC1475B}.Debug|x86.ActiveCfg = Debug48|x86
		{8892848F-45A1-46AC-A686-6A25EEC1475B}.Debug|x86.Build.0 = Debug48|x86
		{8892848F-45A1-46AC-A686-6A25EEC1475B}.Debug461|Any CPU.ActiveCfg = Debug461|Any CPU
		{8892848F-45A1-46AC-A686-6A25EEC1475B}.Debug461|Any CPU.Build.0 = Debug461|Any CPU
		{8892848F-45A1-46AC-A686-6A25EEC1475B}.Debug461|Mixed Platforms.ActiveCfg = Debug48|Any CPU
		{8892848F-45A1-46AC-A686-6A25EEC1475B}.Debug461|Mixed Platforms.Build.0 = Debug48|Any CPU
		{8892848F-45A1-46AC-A686-6A25EEC1475B}.Debug461|x64.ActiveCfg = Debug461|x64
		{8892848F-45A1-46AC-A686-6A25EEC1475B}.Debug461|x64.Build.0 = Debug461|x64
		{8892848F-45A1-46AC-A686-6A25EEC1475B}.Debug461|x86.ActiveCfg = Debug461|x86
		{8892848F-45A1-46AC-A686-6A25EEC1475B}.Debug461|x86.Build.0 = Debug461|x86
		{8892848F-45A1-46AC-A686-6A25EEC1475B}.Debug48|Any CPU.ActiveCfg = Debug48|Any CPU
		{8892848F-45A1-46AC-A686-6A25EEC1475B}.Debug48|Any CPU.Build.0 = Debug48|Any CPU
		{8892848F-45A1-46AC-A686-6A25EEC1475B}.Debug48|Mixed Platforms.ActiveCfg = Debug40|Any CPU
		{8892848F-45A1-46AC-A686-6A25EEC1475B}.Debug48|Mixed Platforms.Build.0 = Debug40|Any CPU
		{8892848F-45A1-46AC-A686-6A25EEC1475B}.Debug48|x64.ActiveCfg = Debug48|x64
		{8892848F-45A1-46AC-A686-6A25EEC1475B}.Debug48|x64.Build.0 = Debug48|x64
		{8892848F-45A1-46AC-A686-6A25EEC1475B}.Debug48|x86.ActiveCfg = Debug48|x86
		{8892848F-45A1-46AC-A686-6A25EEC1475B}.Debug48|x86.Build.0 = Debug48|x86
		{8892848F-45A1-46AC-A686-6A25EEC1475B}.Release|Any CPU.ActiveCfg = Release40|Any CPU
		{8892848F-45A1-46AC-A686-6A25EEC1475B}.Release|Any CPU.Build.0 = Release40|Any CPU
		{8892848F-45A1-46AC-A686-6A25EEC1475B}.Release|Mixed Platforms.ActiveCfg = Release48|x64
		{8892848F-45A1-46AC-A686-6A25EEC1475B}.Release|Mixed Platforms.Build.0 = Release48|x64
		{8892848F-45A1-46AC-A686-6A25EEC1475B}.Release|x64.ActiveCfg = Release48|x64
		{8892848F-45A1-46AC-A686-6A25EEC1475B}.Release|x64.Build.0 = Release48|x64
		{8892848F-45A1-46AC-A686-6A25EEC1475B}.Release|x86.ActiveCfg = Release48|x86
		{8892848F-45A1-46AC-A686-6A25EEC1475B}.Release|x86.Build.0 = Release48|x86
		{8892848F-45A1-46AC-A686-6A25EEC1475B}.Release461|Any CPU.ActiveCfg = Release461|Any CPU
		{8892848F-45A1-46AC-A686-6A25EEC1475B}.Release461|Any CPU.Build.0 = Release461|Any CPU
		{8892848F-45A1-46AC-A686-6A25EEC1475B}.Release461|Mixed Platforms.ActiveCfg = Release45|Any CPU
		{8892848F-45A1-46AC-A686-6A25EEC1475B}.Release461|Mixed Platforms.Build.0 = Release45|Any CPU
		{8892848F-45A1-46AC-A686-6A25EEC1475B}.Release461|x64.ActiveCfg = Release461|x64
		{8892848F-45A1-46AC-A686-6A25EEC1475B}.Release461|x64.Build.0 = Release461|x64
		{8892848F-45A1-46AC-A686-6A25EEC1475B}.Release461|x86.ActiveCfg = Release461|x86
		{8892848F-45A1-46AC-A686-6A25EEC1475B}.Release461|x86.Build.0 = Release461|x86
		{8892848F-45A1-46AC-A686-6A25EEC1475B}.Release48|Any CPU.ActiveCfg = Release48|Any CPU
		{8892848F-45A1-46AC-A686-6A25EEC1475B}.Release48|Any CPU.Build.0 = Release48|Any CPU
		{8892848F-45A1-46AC-A686-6A25EEC1475B}.Release48|Mixed Platforms.ActiveCfg = Release40|Any CPU
		{8892848F-45A1-46AC-A686-6A25EEC1475B}.Release48|Mixed Platforms.Build.0 = Release40|Any CPU
		{8892848F-45A1-46AC-A686-6A25EEC1475B}.Release48|x64.ActiveCfg = Release48|x64
		{8892848F-45A1-46AC-A686-6A25EEC1475B}.Release48|x64.Build.0 = Release48|x64
		{8892848F-45A1-46AC-A686-6A25EEC1475B}.Release48|x86.ActiveCfg = Release48|x86
		{8892848F-45A1-46AC-A686-6A25EEC1475B}.Release48|x86.Build.0 = Release48|x86
		{79051F21-0939-4437-9DEA-F1CA12498D3A}.Debug|Any CPU.ActiveCfg = Debug461|Any CPU
		{79051F21-0939-4437-9DEA-F1CA12498D3A}.Debug|Any CPU.Build.0 = Debug461|Any CPU
		{79051F21-0939-4437-9DEA-F1CA12498D3A}.Debug|Mixed Platforms.ActiveCfg = Debug461|Any CPU
		{79051F21-0939-4437-9DEA-F1CA12498D3A}.Debug|Mixed Platforms.Build.0 = Debug461|Any CPU
		{79051F21-0939-4437-9DEA-F1CA12498D3A}.Debug|x64.ActiveCfg = Debug461|Any CPU
		{79051F21-0939-4437-9DEA-F1CA12498D3A}.Debug|x64.Build.0 = Debug461|Any CPU
		{79051F21-0939-4437-9DEA-F1CA12498D3A}.Debug|x86.ActiveCfg = Debug461|Any CPU
		{79051F21-0939-4437-9DEA-F1CA12498D3A}.Debug|x86.Build.0 = Debug461|Any CPU
		{79051F21-0939-4437-9DEA-F1CA12498D3A}.Debug461|Any CPU.ActiveCfg = Debug461|Any CPU
		{79051F21-0939-4437-9DEA-F1CA12498D3A}.Debug461|Any CPU.Build.0 = Debug461|Any CPU
		{79051F21-0939-4437-9DEA-F1CA12498D3A}.Debug461|Mixed Platforms.ActiveCfg = Debug461|Any CPU
		{79051F21-0939-4437-9DEA-F1CA12498D3A}.Debug461|Mixed Platforms.Build.0 = Debug461|Any CPU
		{79051F21-0939-4437-9DEA-F1CA12498D3A}.Debug461|x64.ActiveCfg = Debug461|Any CPU
		{79051F21-0939-4437-9DEA-F1CA12498D3A}.Debug461|x64.Build.0 = Debug461|Any CPU
		{79051F21-0939-4437-9DEA-F1CA12498D3A}.Debug461|x86.ActiveCfg = Debug461|Any CPU
		{79051F21-0939-4437-9DEA-F1CA12498D3A}.Debug461|x86.Build.0 = Debug461|Any CPU
		{79051F21-0939-4437-9DEA-F1CA12498D3A}.Debug48|Any CPU.ActiveCfg = Debug461|Any CPU
		{79051F21-0939-4437-9DEA-F1CA12498D3A}.Debug48|Any CPU.Build.0 = Debug461|Any CPU
		{79051F21-0939-4437-9DEA-F1CA12498D3A}.Debug48|Mixed Platforms.ActiveCfg = Debug461|Any CPU
		{79051F21-0939-4437-9DEA-F1CA12498D3A}.Debug48|Mixed Platforms.Build.0 = Debug461|Any CPU
		{79051F21-0939-4437-9DEA-F1CA12498D3A}.Debug48|x64.ActiveCfg = Debug461|Any CPU
		{79051F21-0939-4437-9DEA-F1CA12498D3A}.Debug48|x64.Build.0 = Debug461|Any CPU
		{79051F21-0939-4437-9DEA-F1CA12498D3A}.Debug48|x86.ActiveCfg = Debug461|Any CPU
		{79051F21-0939-4437-9DEA-F1CA12498D3A}.Debug48|x86.Build.0 = Debug461|Any CPU
		{79051F21-0939-4437-9DEA-F1CA12498D3A}.Release|Any CPU.ActiveCfg = Release461|Any CPU
		{79051F21-0939-4437-9DEA-F1CA12498D3A}.Release|Any CPU.Build.0 = Release461|Any CPU
		{79051F21-0939-4437-9DEA-F1CA12498D3A}.Release|Mixed Platforms.ActiveCfg = Release461|Any CPU
		{79051F21-0939-4437-9DEA-F1CA12498D3A}.Release|Mixed Platforms.Build.0 = Release461|Any CPU
		{79051F21-0939-4437-9DEA-F1CA12498D3A}.Release|x64.ActiveCfg = Release461|Any CPU
		{79051F21-0939-4437-9DEA-F1CA12498D3A}.Release|x64.Build.0 = Release461|Any CPU
		{79051F21-0939-4437-9DEA-F1CA12498D3A}.Release|x86.ActiveCfg = Release461|Any CPU
		{79051F21-0939-4437-9DEA-F1CA12498D3A}.Release|x86.Build.0 = Release461|Any CPU
		{79051F21-0939-4437-9DEA-F1CA12498D3A}.Release461|Any CPU.ActiveCfg = Release461|Any CPU
		{79051F21-0939-4437-9DEA-F1CA12498D3A}.Release461|Any CPU.Build.0 = Release461|Any CPU
		{79051F21-0939-4437-9DEA-F1CA12498D3A}.Release461|Mixed Platforms.ActiveCfg = Release461|Any CPU
		{79051F21-0939-4437-9DEA-F1CA12498D3A}.Release461|Mixed Platforms.Build.0 = Release461|Any CPU
		{79051F21-0939-4437-9DEA-F1CA12498D3A}.Release461|x64.ActiveCfg = Release461|Any CPU
		{79051F21-0939-4437-9DEA-F1CA12498D3A}.Release461|x64.Build.0 = Release461|Any CPU
		{79051F21-0939-4437-9DEA-F1CA12498D3A}.Release461|x86.ActiveCfg = Release461|Any CPU
		{79051F21-0939-4437-9DEA-F1CA12498D3A}.Release461|x86.Build.0 = Release461|Any CPU
		{79051F21-0939-4437-9DEA-F1CA12498D3A}.Release48|Any CPU.ActiveCfg = Release461|Any CPU
		{79051F21-0939-4437-9DEA-F1CA12498D3A}.Release48|Any CPU.Build.0 = Release461|Any CPU
		{79051F21-0939-4437-9DEA-F1CA12498D3A}.Release48|Mixed Platforms.ActiveCfg = Release461|Any CPU
		{79051F21-0939-4437-9DEA-F1CA12498D3A}.Release48|Mixed Platforms.Build.0 = Release461|Any CPU
		{79051F21-0939-4437-9DEA-F1CA12498D3A}.Release48|x64.ActiveCfg = Release461|Any CPU
		{79051F21-0939-4437-9DEA-F1CA12498D3A}.Release48|x64.Build.0 = Release461|Any CPU
		{79051F21-0939-4437-9DEA-F1CA12498D3A}.Release48|x86.ActiveCfg = Release461|Any CPU
		{79051F21-0939-4437-9DEA-F1CA12498D3A}.Release48|x86.Build.0 = Release461|Any CPU
		{486DB5A9-41FA-465F-8AEE-E7000970EBB2}.Debug|Any CPU.ActiveCfg = Debug|Any CPU
		{486DB5A9-41FA-465F-8AEE-E7000970EBB2}.Debug|Any CPU.Build.0 = Debug|Any CPU
		{486DB5A9-41FA-465F-8AEE-E7000970EBB2}.Debug|Mixed Platforms.ActiveCfg = Debug|x64
		{486DB5A9-41FA-465F-8AEE-E7000970EBB2}.Debug|Mixed Platforms.Build.0 = Debug|x64
		{486DB5A9-41FA-465F-8AEE-E7000970EBB2}.Debug|x64.ActiveCfg = Debug|x64
		{486DB5A9-41FA-465F-8AEE-E7000970EBB2}.Debug|x64.Build.0 = Debug|x64
		{486DB5A9-41FA-465F-8AEE-E7000970EBB2}.Debug|x86.ActiveCfg = Debug|x86
		{486DB5A9-41FA-465F-8AEE-E7000970EBB2}.Debug|x86.Build.0 = Debug|x86
		{486DB5A9-41FA-465F-8AEE-E7000970EBB2}.Debug461|Any CPU.ActiveCfg = Debug48|Any CPU
		{486DB5A9-41FA-465F-8AEE-E7000970EBB2}.Debug461|Any CPU.Build.0 = Debug48|Any CPU
		{486DB5A9-41FA-465F-8AEE-E7000970EBB2}.Debug461|Mixed Platforms.ActiveCfg = Debug48|x64
		{486DB5A9-41FA-465F-8AEE-E7000970EBB2}.Debug461|Mixed Platforms.Build.0 = Debug48|x64
		{486DB5A9-41FA-465F-8AEE-E7000970EBB2}.Debug461|x64.ActiveCfg = Debug48|x64
		{486DB5A9-41FA-465F-8AEE-E7000970EBB2}.Debug461|x64.Build.0 = Debug48|x64
		{486DB5A9-41FA-465F-8AEE-E7000970EBB2}.Debug461|x86.ActiveCfg = Debug48|x86
		{486DB5A9-41FA-465F-8AEE-E7000970EBB2}.Debug461|x86.Build.0 = Debug48|x86
		{486DB5A9-41FA-465F-8AEE-E7000970EBB2}.Debug48|Any CPU.ActiveCfg = Debug48|Any CPU
		{486DB5A9-41FA-465F-8AEE-E7000970EBB2}.Debug48|Any CPU.Build.0 = Debug48|Any CPU
		{486DB5A9-41FA-465F-8AEE-E7000970EBB2}.Debug48|Mixed Platforms.ActiveCfg = Debug48|x64
		{486DB5A9-41FA-465F-8AEE-E7000970EBB2}.Debug48|Mixed Platforms.Build.0 = Debug48|x64
		{486DB5A9-41FA-465F-8AEE-E7000970EBB2}.Debug48|x64.ActiveCfg = Debug48|x64
		{486DB5A9-41FA-465F-8AEE-E7000970EBB2}.Debug48|x64.Build.0 = Debug48|x64
		{486DB5A9-41FA-465F-8AEE-E7000970EBB2}.Debug48|x86.ActiveCfg = Debug48|x86
		{486DB5A9-41FA-465F-8AEE-E7000970EBB2}.Debug48|x86.Build.0 = Debug48|x86
		{486DB5A9-41FA-465F-8AEE-E7000970EBB2}.Release|Any CPU.ActiveCfg = Release|Any CPU
		{486DB5A9-41FA-465F-8AEE-E7000970EBB2}.Release|Any CPU.Build.0 = Release|Any CPU
		{486DB5A9-41FA-465F-8AEE-E7000970EBB2}.Release|Mixed Platforms.ActiveCfg = Release|x64
		{486DB5A9-41FA-465F-8AEE-E7000970EBB2}.Release|Mixed Platforms.Build.0 = Release|x64
		{486DB5A9-41FA-465F-8AEE-E7000970EBB2}.Release|x64.ActiveCfg = Release|x64
		{486DB5A9-41FA-465F-8AEE-E7000970EBB2}.Release|x64.Build.0 = Release|x64
		{486DB5A9-41FA-465F-8AEE-E7000970EBB2}.Release|x86.ActiveCfg = Release|x86
		{486DB5A9-41FA-465F-8AEE-E7000970EBB2}.Release|x86.Build.0 = Release|x86
		{486DB5A9-41FA-465F-8AEE-E7000970EBB2}.Release461|Any CPU.ActiveCfg = Release48|Any CPU
		{486DB5A9-41FA-465F-8AEE-E7000970EBB2}.Release461|Any CPU.Build.0 = Release48|Any CPU
		{486DB5A9-41FA-465F-8AEE-E7000970EBB2}.Release461|Mixed Platforms.ActiveCfg = Release48|x64
		{486DB5A9-41FA-465F-8AEE-E7000970EBB2}.Release461|Mixed Platforms.Build.0 = Release48|x64
		{486DB5A9-41FA-465F-8AEE-E7000970EBB2}.Release461|x64.ActiveCfg = Release48|x64
		{486DB5A9-41FA-465F-8AEE-E7000970EBB2}.Release461|x64.Build.0 = Release48|x64
		{486DB5A9-41FA-465F-8AEE-E7000970EBB2}.Release461|x86.ActiveCfg = Release48|x86
		{486DB5A9-41FA-465F-8AEE-E7000970EBB2}.Release461|x86.Build.0 = Release48|x86
		{486DB5A9-41FA-465F-8AEE-E7000970EBB2}.Release48|Any CPU.ActiveCfg = Release48|Any CPU
		{486DB5A9-41FA-465F-8AEE-E7000970EBB2}.Release48|Any CPU.Build.0 = Release48|Any CPU
		{486DB5A9-41FA-465F-8AEE-E7000970EBB2}.Release48|Mixed Platforms.ActiveCfg = Release48|x64
		{486DB5A9-41FA-465F-8AEE-E7000970EBB2}.Release48|Mixed Platforms.Build.0 = Release48|x64
		{486DB5A9-41FA-465F-8AEE-E7000970EBB2}.Release48|x64.ActiveCfg = Release48|x64
		{486DB5A9-41FA-465F-8AEE-E7000970EBB2}.Release48|x64.Build.0 = Release48|x64
		{486DB5A9-41FA-465F-8AEE-E7000970EBB2}.Release48|x86.ActiveCfg = Release48|x86
		{486DB5A9-41FA-465F-8AEE-E7000970EBB2}.Release48|x86.Build.0 = Release48|x86
		{2C377E41-F0A7-4D63-A1F5-94044A4FCA94}.Debug|Any CPU.ActiveCfg = Debug|Any CPU
		{2C377E41-F0A7-4D63-A1F5-94044A4FCA94}.Debug|Any CPU.Build.0 = Debug|Any CPU
		{2C377E41-F0A7-4D63-A1F5-94044A4FCA94}.Debug|Mixed Platforms.ActiveCfg = Debug|x64
		{2C377E41-F0A7-4D63-A1F5-94044A4FCA94}.Debug|Mixed Platforms.Build.0 = Debug|x64
		{2C377E41-F0A7-4D63-A1F5-94044A4FCA94}.Debug|x64.ActiveCfg = Debug|x64
		{2C377E41-F0A7-4D63-A1F5-94044A4FCA94}.Debug|x64.Build.0 = Debug|x64
		{2C377E41-F0A7-4D63-A1F5-94044A4FCA94}.Debug|x86.ActiveCfg = Debug|x86
		{2C377E41-F0A7-4D63-A1F5-94044A4FCA94}.Debug|x86.Build.0 = Debug|x86
		{2C377E41-F0A7-4D63-A1F5-94044A4FCA94}.Debug461|Any CPU.ActiveCfg = Debug|Any CPU
		{2C377E41-F0A7-4D63-A1F5-94044A4FCA94}.Debug461|Any CPU.Build.0 = Debug|Any CPU
		{2C377E41-F0A7-4D63-A1F5-94044A4FCA94}.Debug461|Mixed Platforms.ActiveCfg = Debug|x64
		{2C377E41-F0A7-4D63-A1F5-94044A4FCA94}.Debug461|Mixed Platforms.Build.0 = Debug|x64
		{2C377E41-F0A7-4D63-A1F5-94044A4FCA94}.Debug461|x64.ActiveCfg = Debug|x64
		{2C377E41-F0A7-4D63-A1F5-94044A4FCA94}.Debug461|x64.Build.0 = Debug|x64
		{2C377E41-F0A7-4D63-A1F5-94044A4FCA94}.Debug461|x86.ActiveCfg = Debug|x86
		{2C377E41-F0A7-4D63-A1F5-94044A4FCA94}.Debug461|x86.Build.0 = Debug|x86
		{2C377E41-F0A7-4D63-A1F5-94044A4FCA94}.Debug48|Any CPU.ActiveCfg = Debug|Any CPU
		{2C377E41-F0A7-4D63-A1F5-94044A4FCA94}.Debug48|Any CPU.Build.0 = Debug|Any CPU
		{2C377E41-F0A7-4D63-A1F5-94044A4FCA94}.Debug48|Mixed Platforms.ActiveCfg = Debug|x64
		{2C377E41-F0A7-4D63-A1F5-94044A4FCA94}.Debug48|Mixed Platforms.Build.0 = Debug|x64
		{2C377E41-F0A7-4D63-A1F5-94044A4FCA94}.Debug48|x64.ActiveCfg = Debug|x64
		{2C377E41-F0A7-4D63-A1F5-94044A4FCA94}.Debug48|x64.Build.0 = Debug|x64
		{2C377E41-F0A7-4D63-A1F5-94044A4FCA94}.Debug48|x86.ActiveCfg = Debug|x86
		{2C377E41-F0A7-4D63-A1F5-94044A4FCA94}.Debug48|x86.Build.0 = Debug|x86
		{2C377E41-F0A7-4D63-A1F5-94044A4FCA94}.Release|Any CPU.ActiveCfg = Release|Any CPU
		{2C377E41-F0A7-4D63-A1F5-94044A4FCA94}.Release|Any CPU.Build.0 = Release|Any CPU
		{2C377E41-F0A7-4D63-A1F5-94044A4FCA94}.Release|Mixed Platforms.ActiveCfg = Release|x64
		{2C377E41-F0A7-4D63-A1F5-94044A4FCA94}.Release|Mixed Platforms.Build.0 = Release|x64
		{2C377E41-F0A7-4D63-A1F5-94044A4FCA94}.Release|x64.ActiveCfg = Release|x64
		{2C377E41-F0A7-4D63-A1F5-94044A4FCA94}.Release|x64.Build.0 = Release|x64
		{2C377E41-F0A7-4D63-A1F5-94044A4FCA94}.Release|x86.ActiveCfg = Release|x86
		{2C377E41-F0A7-4D63-A1F5-94044A4FCA94}.Release|x86.Build.0 = Release|x86
		{2C377E41-F0A7-4D63-A1F5-94044A4FCA94}.Release461|Any CPU.ActiveCfg = Release|Any CPU
		{2C377E41-F0A7-4D63-A1F5-94044A4FCA94}.Release461|Any CPU.Build.0 = Release|Any CPU
		{2C377E41-F0A7-4D63-A1F5-94044A4FCA94}.Release461|Mixed Platforms.ActiveCfg = Release|x64
		{2C377E41-F0A7-4D63-A1F5-94044A4FCA94}.Release461|Mixed Platforms.Build.0 = Release|x64
		{2C377E41-F0A7-4D63-A1F5-94044A4FCA94}.Release461|x64.ActiveCfg = Release|x64
		{2C377E41-F0A7-4D63-A1F5-94044A4FCA94}.Release461|x64.Build.0 = Release|x64
		{2C377E41-F0A7-4D63-A1F5-94044A4FCA94}.Release461|x86.ActiveCfg = Release|x86
		{2C377E41-F0A7-4D63-A1F5-94044A4FCA94}.Release461|x86.Build.0 = Release|x86
		{2C377E41-F0A7-4D63-A1F5-94044A4FCA94}.Release48|Any CPU.ActiveCfg = Release|Any CPU
		{2C377E41-F0A7-4D63-A1F5-94044A4FCA94}.Release48|Any CPU.Build.0 = Release|Any CPU
		{2C377E41-F0A7-4D63-A1F5-94044A4FCA94}.Release48|Mixed Platforms.ActiveCfg = Release|x64
		{2C377E41-F0A7-4D63-A1F5-94044A4FCA94}.Release48|Mixed Platforms.Build.0 = Release|x64
		{2C377E41-F0A7-4D63-A1F5-94044A4FCA94}.Release48|x64.ActiveCfg = Release|x64
		{2C377E41-F0A7-4D63-A1F5-94044A4FCA94}.Release48|x64.Build.0 = Release|x64
		{2C377E41-F0A7-4D63-A1F5-94044A4FCA94}.Release48|x86.ActiveCfg = Release|x86
		{2C377E41-F0A7-4D63-A1F5-94044A4FCA94}.Release48|x86.Build.0 = Release|x86
	EndGlobalSection
	GlobalSection(SolutionProperties) = preSolution
		HideSolutionNode = FALSE
	EndGlobalSection
	GlobalSection(NestedProjects) = preSolution
		{C5CC33B0-1684-4DD4-83A5-5DA4A9A25A7F} = {A7752FEA-02EC-4437-984A-B2033EB4EE03}
		{C4043ABB-EC40-4194-B15B-C0D13C2CF5C8} = {A7752FEA-02EC-4437-984A-B2033EB4EE03}
		{8892848F-45A1-46AC-A686-6A25EEC1475B} = {A7752FEA-02EC-4437-984A-B2033EB4EE03}
		{486DB5A9-41FA-465F-8AEE-E7000970EBB2} = {A7752FEA-02EC-4437-984A-B2033EB4EE03}
		{2C377E41-F0A7-4D63-A1F5-94044A4FCA94} = {A7752FEA-02EC-4437-984A-B2033EB4EE03}
	EndGlobalSection
	GlobalSection(ExtensibilityGlobals) = postSolution
		SolutionGuid = {CB957724-1BD0-4C7D-B7E2-602D9B899FE0}
	EndGlobalSection
EndGlobal
